// !$*UTF8*$!
{
	archiveVersion = 1;
	classes = {
	};
	objectVersion = 50;
	objects = {

/* Begin PBXBuildFile section */
		6C28741F20CA8EF0007F3A1B /* AppDelegate.swift in Sources */ = {isa = PBXBuildFile; fileRef = 6C28741E20CA8EF0007F3A1B /* AppDelegate.swift */; };
		6C28742120CA8EF0007F3A1B /* CurrentViewController.swift in Sources */ = {isa = PBXBuildFile; fileRef = 6C28742020CA8EF0007F3A1B /* CurrentViewController.swift */; };
		6C28742620CA8EF0007F3A1B /* Main.storyboard in Resources */ = {isa = PBXBuildFile; fileRef = 6C28742420CA8EF0007F3A1B /* Main.storyboard */; };
		6C28742820CA8EF4007F3A1B /* Assets.xcassets in Resources */ = {isa = PBXBuildFile; fileRef = 6C28742720CA8EF4007F3A1B /* Assets.xcassets */; };
		6C28742B20CA8EF4007F3A1B /* LaunchScreen.storyboard in Resources */ = {isa = PBXBuildFile; fileRef = 6C28742920CA8EF4007F3A1B /* LaunchScreen.storyboard */; };
		6C28743620CA8EF4007F3A1B /* detroitLabsChallengeTests.swift in Sources */ = {isa = PBXBuildFile; fileRef = 6C28743520CA8EF4007F3A1B /* detroitLabsChallengeTests.swift */; };
		6C28744120CA8EF4007F3A1B /* detroitLabsChallengeUITests.swift in Sources */ = {isa = PBXBuildFile; fileRef = 6C28744020CA8EF4007F3A1B /* detroitLabsChallengeUITests.swift */; };
		6C28745020CA940C007F3A1B /* FiveDaysTableViewController.swift in Sources */ = {isa = PBXBuildFile; fileRef = 6C28744F20CA940C007F3A1B /* FiveDaysTableViewController.swift */; };
/* End PBXBuildFile section */

/* Begin PBXContainerItemProxy section */
		6C28743220CA8EF4007F3A1B /* PBXContainerItemProxy */ = {
			isa = PBXContainerItemProxy;
			containerPortal = 6C28741320CA8EF0007F3A1B /* Project object */;
			proxyType = 1;
			remoteGlobalIDString = 6C28741A20CA8EF0007F3A1B;
			remoteInfo = detroitLabsChallenge;
		};
		6C28743D20CA8EF4007F3A1B /* PBXContainerItemProxy */ = {
			isa = PBXContainerItemProxy;
			containerPortal = 6C28741320CA8EF0007F3A1B /* Project object */;
			proxyType = 1;
			remoteGlobalIDString = 6C28741A20CA8EF0007F3A1B;
			remoteInfo = detroitLabsChallenge;
		};
/* End PBXContainerItemProxy section */

/* Begin PBXFileReference section */
		6C28741B20CA8EF0007F3A1B /* detroitLabsChallenge.app */ = {isa = PBXFileReference; explicitFileType = wrapper.application; includeInIndex = 0; path = detroitLabsChallenge.app; sourceTree = BUILT_PRODUCTS_DIR; };
		6C28741E20CA8EF0007F3A1B /* AppDelegate.swift */ = {isa = PBXFileReference; lastKnownFileType = sourcecode.swift; path = AppDelegate.swift; sourceTree = "<group>"; };
		6C28742020CA8EF0007F3A1B /* CurrentViewController.swift */ = {isa = PBXFileReference; lastKnownFileType = sourcecode.swift; path = CurrentViewController.swift; sourceTree = "<group>"; };
		6C28742520CA8EF0007F3A1B /* Base */ = {isa = PBXFileReference; lastKnownFileType = file.storyboard; name = Base; path = Base.lproj/Main.storyboard; sourceTree = "<group>"; };
		6C28742720CA8EF4007F3A1B /* Assets.xcassets */ = {isa = PBXFileReference; lastKnownFileType = folder.assetcatalog; path = Assets.xcassets; sourceTree = "<group>"; };
		6C28742A20CA8EF4007F3A1B /* Base */ = {isa = PBXFileReference; lastKnownFileType = file.storyboard; name = Base; path = Base.lproj/LaunchScreen.storyboard; sourceTree = "<group>"; };
		6C28742C20CA8EF4007F3A1B /* Info.plist */ = {isa = PBXFileReference; lastKnownFileType = text.plist.xml; path = Info.plist; sourceTree = "<group>"; };
		6C28743120CA8EF4007F3A1B /* detroitLabsChallengeTests.xctest */ = {isa = PBXFileReference; explicitFileType = wrapper.cfbundle; includeInIndex = 0; path = detroitLabsChallengeTests.xctest; sourceTree = BUILT_PRODUCTS_DIR; };
		6C28743520CA8EF4007F3A1B /* detroitLabsChallengeTests.swift */ = {isa = PBXFileReference; lastKnownFileType = sourcecode.swift; path = detroitLabsChallengeTests.swift; sourceTree = "<group>"; };
		6C28743720CA8EF4007F3A1B /* Info.plist */ = {isa = PBXFileReference; lastKnownFileType = text.plist.xml; path = Info.plist; sourceTree = "<group>"; };
		6C28743C20CA8EF4007F3A1B /* detroitLabsChallengeUITests.xctest */ = {isa = PBXFileReference; explicitFileType = wrapper.cfbundle; includeInIndex = 0; path = detroitLabsChallengeUITests.xctest; sourceTree = BUILT_PRODUCTS_DIR; };
		6C28744020CA8EF4007F3A1B /* detroitLabsChallengeUITests.swift */ = {isa = PBXFileReference; lastKnownFileType = sourcecode.swift; path = detroitLabsChallengeUITests.swift; sourceTree = "<group>"; };
		6C28744220CA8EF4007F3A1B /* Info.plist */ = {isa = PBXFileReference; lastKnownFileType = text.plist.xml; path = Info.plist; sourceTree = "<group>"; };
		6C28744F20CA940C007F3A1B /* FiveDaysTableViewController.swift */ = {isa = PBXFileReference; lastKnownFileType = sourcecode.swift; path = FiveDaysTableViewController.swift; sourceTree = "<group>"; };
/* End PBXFileReference section */

/* Begin PBXFrameworksBuildPhase section */
		6C28741820CA8EF0007F3A1B /* Frameworks */ = {
			isa = PBXFrameworksBuildPhase;
			buildActionMask = 2147483647;
			files = (
			);
			runOnlyForDeploymentPostprocessing = 0;
		};
		6C28742E20CA8EF4007F3A1B /* Frameworks */ = {
			isa = PBXFrameworksBuildPhase;
			buildActionMask = 2147483647;
			files = (
			);
			runOnlyForDeploymentPostprocessing = 0;
		};
		6C28743920CA8EF4007F3A1B /* Frameworks */ = {
			isa = PBXFrameworksBuildPhase;
			buildActionMask = 2147483647;
			files = (
			);
			runOnlyForDeploymentPostprocessing = 0;
		};
/* End PBXFrameworksBuildPhase section */

/* Begin PBXGroup section */
		6C28741220CA8EF0007F3A1B = {
			isa = PBXGroup;
			children = (
				6C28741D20CA8EF0007F3A1B /* detroitLabsChallenge */,
				6C28743420CA8EF4007F3A1B /* detroitLabsChallengeTests */,
				6C28743F20CA8EF4007F3A1B /* detroitLabsChallengeUITests */,
				6C28741C20CA8EF0007F3A1B /* Products */,
			);
			sourceTree = "<group>";
		};
		6C28741C20CA8EF0007F3A1B /* Products */ = {
			isa = PBXGroup;
			children = (
				6C28741B20CA8EF0007F3A1B /* detroitLabsChallenge.app */,
				6C28743120CA8EF4007F3A1B /* detroitLabsChallengeTests.xctest */,
				6C28743C20CA8EF4007F3A1B /* detroitLabsChallengeUITests.xctest */,
			);
			name = Products;
			sourceTree = "<group>";
		};
		6C28741D20CA8EF0007F3A1B /* detroitLabsChallenge */ = {
			isa = PBXGroup;
			children = (
				6C28744E20CA8F08007F3A1B /* Supporting Files */,
				6C28742020CA8EF0007F3A1B /* CurrentViewController.swift */,
				6C28742420CA8EF0007F3A1B /* Main.storyboard */,
				6C28744F20CA940C007F3A1B /* FiveDaysTableViewController.swift */,
			);
			path = detroitLabsChallenge;
			sourceTree = "<group>";
		};
		6C28743420CA8EF4007F3A1B /* detroitLabsChallengeTests */ = {
			isa = PBXGroup;
			children = (
				6C28743520CA8EF4007F3A1B /* detroitLabsChallengeTests.swift */,
				6C28743720CA8EF4007F3A1B /* Info.plist */,
			);
			path = detroitLabsChallengeTests;
			sourceTree = "<group>";
		};
		6C28743F20CA8EF4007F3A1B /* detroitLabsChallengeUITests */ = {
			isa = PBXGroup;
			children = (
				6C28744020CA8EF4007F3A1B /* detroitLabsChallengeUITests.swift */,
				6C28744220CA8EF4007F3A1B /* Info.plist */,
			);
			path = detroitLabsChallengeUITests;
			sourceTree = "<group>";
		};
		6C28744E20CA8F08007F3A1B /* Supporting Files */ = {
			isa = PBXGroup;
			children = (
				6C28741E20CA8EF0007F3A1B /* AppDelegate.swift */,
				6C28742720CA8EF4007F3A1B /* Assets.xcassets */,
				6C28742920CA8EF4007F3A1B /* LaunchScreen.storyboard */,
				6C28742C20CA8EF4007F3A1B /* Info.plist */,
			);
			path = "Supporting Files";
			sourceTree = "<group>";
		};
/* End PBXGroup section */

/* Begin PBXNativeTarget section */
		6C28741A20CA8EF0007F3A1B /* detroitLabsChallenge */ = {
			isa = PBXNativeTarget;
			buildConfigurationList = 6C28744520CA8EF4007F3A1B /* Build configuration list for PBXNativeTarget "detroitLabsChallenge" */;
			buildPhases = (
				6C28741720CA8EF0007F3A1B /* Sources */,
				6C28741820CA8EF0007F3A1B /* Frameworks */,
				6C28741920CA8EF0007F3A1B /* Resources */,
			);
			buildRules = (
			);
			dependencies = (
			);
			name = detroitLabsChallenge;
			productName = detroitLabsChallenge;
			productReference = 6C28741B20CA8EF0007F3A1B /* detroitLabsChallenge.app */;
			productType = "com.apple.product-type.application";
		};
		6C28743020CA8EF4007F3A1B /* detroitLabsChallengeTests */ = {
			isa = PBXNativeTarget;
			buildConfigurationList = 6C28744820CA8EF4007F3A1B /* Build configuration list for PBXNativeTarget "detroitLabsChallengeTests" */;
			buildPhases = (
				6C28742D20CA8EF4007F3A1B /* Sources */,
				6C28742E20CA8EF4007F3A1B /* Frameworks */,
				6C28742F20CA8EF4007F3A1B /* Resources */,
			);
			buildRules = (
			);
			dependencies = (
				6C28743320CA8EF4007F3A1B /* PBXTargetDependency */,
			);
			name = detroitLabsChallengeTests;
			productName = detroitLabsChallengeTests;
			productReference = 6C28743120CA8EF4007F3A1B /* detroitLabsChallengeTests.xctest */;
			productType = "com.apple.product-type.bundle.unit-test";
		};
		6C28743B20CA8EF4007F3A1B /* detroitLabsChallengeUITests */ = {
			isa = PBXNativeTarget;
			buildConfigurationList = 6C28744B20CA8EF4007F3A1B /* Build configuration list for PBXNativeTarget "detroitLabsChallengeUITests" */;
			buildPhases = (
				6C28743820CA8EF4007F3A1B /* Sources */,
				6C28743920CA8EF4007F3A1B /* Frameworks */,
				6C28743A20CA8EF4007F3A1B /* Resources */,
			);
			buildRules = (
			);
			dependencies = (
				6C28743E20CA8EF4007F3A1B /* PBXTargetDependency */,
			);
			name = detroitLabsChallengeUITests;
			productName = detroitLabsChallengeUITests;
			productReference = 6C28743C20CA8EF4007F3A1B /* detroitLabsChallengeUITests.xctest */;
			productType = "com.apple.product-type.bundle.ui-testing";
		};
/* End PBXNativeTarget section */

/* Begin PBXProject section */
		6C28741320CA8EF0007F3A1B /* Project object */ = {
			isa = PBXProject;
			attributes = {
				LastSwiftUpdateCheck = 0940;
				LastUpgradeCheck = 0940;
				ORGANIZATIONNAME = sohaeb;
				TargetAttributes = {
					6C28741A20CA8EF0007F3A1B = {
						CreatedOnToolsVersion = 9.4;
					};
					6C28743020CA8EF4007F3A1B = {
						CreatedOnToolsVersion = 9.4;
						TestTargetID = 6C28741A20CA8EF0007F3A1B;
					};
					6C28743B20CA8EF4007F3A1B = {
						CreatedOnToolsVersion = 9.4;
						TestTargetID = 6C28741A20CA8EF0007F3A1B;
					};
				};
			};
			buildConfigurationList = 6C28741620CA8EF0007F3A1B /* Build configuration list for PBXProject "detroitLabsChallenge" */;
			compatibilityVersion = "Xcode 9.3";
			developmentRegion = en;
			hasScannedForEncodings = 0;
			knownRegions = (
				en,
				Base,
			);
			mainGroup = 6C28741220CA8EF0007F3A1B;
			productRefGroup = 6C28741C20CA8EF0007F3A1B /* Products */;
			projectDirPath = "";
			projectRoot = "";
			targets = (
				6C28741A20CA8EF0007F3A1B /* detroitLabsChallenge */,
				6C28743020CA8EF4007F3A1B /* detroitLabsChallengeTests */,
				6C28743B20CA8EF4007F3A1B /* detroitLabsChallengeUITests */,
			);
		};
/* End PBXProject section */

/* Begin PBXResourcesBuildPhase section */
		6C28741920CA8EF0007F3A1B /* Resources */ = {
			isa = PBXResourcesBuildPhase;
			buildActionMask = 2147483647;
			files = (
				6C28742B20CA8EF4007F3A1B /* LaunchScreen.storyboard in Resources */,
				6C28742820CA8EF4007F3A1B /* Assets.xcassets in Resources */,
				6C28742620CA8EF0007F3A1B /* Main.storyboard in Resources */,
			);
			runOnlyForDeploymentPostprocessing = 0;
		};
		6C28742F20CA8EF4007F3A1B /* Resources */ = {
			isa = PBXResourcesBuildPhase;
			buildActionMask = 2147483647;
			files = (
			);
			runOnlyForDeploymentPostprocessing = 0;
		};
		6C28743A20CA8EF4007F3A1B /* Resources */ = {
			isa = PBXResourcesBuildPhase;
			buildActionMask = 2147483647;
			files = (
			);
			runOnlyForDeploymentPostprocessing = 0;
		};
/* End PBXResourcesBuildPhase section */

/* Begin PBXSourcesBuildPhase section */
		6C28741720CA8EF0007F3A1B /* Sources */ = {
			isa = PBXSourcesBuildPhase;
			buildActionMask = 2147483647;
			files = (
				6C28741F20CA8EF0007F3A1B /* AppDelegate.swift in Sources */,
				6C28745020CA940C007F3A1B /* FiveDaysTableViewController.swift in Sources */,
				6C28742120CA8EF0007F3A1B /* CurrentViewController.swift in Sources */,
			);
			runOnlyForDeploymentPostprocessing = 0;
		};
		6C28742D20CA8EF4007F3A1B /* Sources */ = {
			isa = PBXSourcesBuildPhase;
			buildActionMask = 2147483647;
			files = (
				6C28743620CA8EF4007F3A1B /* detroitLabsChallengeTests.swift in Sources */,
			);
			runOnlyForDeploymentPostprocessing = 0;
		};
		6C28743820CA8EF4007F3A1B /* Sources */ = {
			isa = PBXSourcesBuildPhase;
			buildActionMask = 2147483647;
			files = (
				6C28744120CA8EF4007F3A1B /* detroitLabsChallengeUITests.swift in Sources */,
			);
			runOnlyForDeploymentPostprocessing = 0;
		};
/* End PBXSourcesBuildPhase section */

/* Begin PBXTargetDependency section */
		6C28743320CA8EF4007F3A1B /* PBXTargetDependency */ = {
			isa = PBXTargetDependency;
			target = 6C28741A20CA8EF0007F3A1B /* detroitLabsChallenge */;
			targetProxy = 6C28743220CA8EF4007F3A1B /* PBXContainerItemProxy */;
		};
		6C28743E20CA8EF4007F3A1B /* PBXTargetDependency */ = {
			isa = PBXTargetDependency;
			target = 6C28741A20CA8EF0007F3A1B /* detroitLabsChallenge */;
			targetProxy = 6C28743D20CA8EF4007F3A1B /* PBXContainerItemProxy */;
		};
/* End PBXTargetDependency section */

/* Begin PBXVariantGroup section */
		6C28742420CA8EF0007F3A1B /* Main.storyboard */ = {
			isa = PBXVariantGroup;
			children = (
				6C28742520CA8EF0007F3A1B /* Base */,
			);
			name = Main.storyboard;
			sourceTree = "<group>";
		};
		6C28742920CA8EF4007F3A1B /* LaunchScreen.storyboard */ = {
			isa = PBXVariantGroup;
			children = (
				6C28742A20CA8EF4007F3A1B /* Base */,
			);
			name = LaunchScreen.storyboard;
			sourceTree = "<group>";
		};
/* End PBXVariantGroup section */

/* Begin XCBuildConfiguration section */
		6C28744320CA8EF4007F3A1B /* Debug */ = {
			isa = XCBuildConfiguration;
			buildSettings = {
				ALWAYS_SEARCH_USER_PATHS = NO;
				CLANG_ANALYZER_NONNULL = YES;
				CLANG_ANALYZER_NUMBER_OBJECT_CONVERSION = YES_AGGRESSIVE;
				CLANG_CXX_LANGUAGE_STANDARD = "gnu++14";
				CLANG_CXX_LIBRARY = "libc++";
				CLANG_ENABLE_MODULES = YES;
				CLANG_ENABLE_OBJC_ARC = YES;
				CLANG_ENABLE_OBJC_WEAK = YES;
				CLANG_WARN_BLOCK_CAPTURE_AUTORELEASING = YES;
				CLANG_WARN_BOOL_CONVERSION = YES;
				CLANG_WARN_COMMA = YES;
				CLANG_WARN_CONSTANT_CONVERSION = YES;
				CLANG_WARN_DEPRECATED_OBJC_IMPLEMENTATIONS = YES;
				CLANG_WARN_DIRECT_OBJC_ISA_USAGE = YES_ERROR;
				CLANG_WARN_DOCUMENTATION_COMMENTS = YES;
				CLANG_WARN_EMPTY_BODY = YES;
				CLANG_WARN_ENUM_CONVERSION = YES;
				CLANG_WARN_INFINITE_RECURSION = YES;
				CLANG_WARN_INT_CONVERSION = YES;
				CLANG_WARN_NON_LITERAL_NULL_CONVERSION = YES;
				CLANG_WARN_OBJC_IMPLICIT_RETAIN_SELF = YES;
				CLANG_WARN_OBJC_LITERAL_CONVERSION = YES;
				CLANG_WARN_OBJC_ROOT_CLASS = YES_ERROR;
				CLANG_WARN_RANGE_LOOP_ANALYSIS = YES;
				CLANG_WARN_STRICT_PROTOTYPES = YES;
				CLANG_WARN_SUSPICIOUS_MOVE = YES;
				CLANG_WARN_UNGUARDED_AVAILABILITY = YES_AGGRESSIVE;
				CLANG_WARN_UNREACHABLE_CODE = YES;
				CLANG_WARN__DUPLICATE_METHOD_MATCH = YES;
				CODE_SIGN_IDENTITY = "iPhone Developer";
				COPY_PHASE_STRIP = NO;
				DEBUG_INFORMATION_FORMAT = dwarf;
				ENABLE_STRICT_OBJC_MSGSEND = YES;
				ENABLE_TESTABILITY = YES;
				GCC_C_LANGUAGE_STANDARD = gnu11;
				GCC_DYNAMIC_NO_PIC = NO;
				GCC_NO_COMMON_BLOCKS = YES;
				GCC_OPTIMIZATION_LEVEL = 0;
				GCC_PREPROCESSOR_DEFINITIONS = (
					"DEBUG=1",
					"$(inherited)",
				);
				GCC_WARN_64_TO_32_BIT_CONVERSION = YES;
				GCC_WARN_ABOUT_RETURN_TYPE = YES_ERROR;
				GCC_WARN_UNDECLARED_SELECTOR = YES;
				GCC_WARN_UNINITIALIZED_AUTOS = YES_AGGRESSIVE;
				GCC_WARN_UNUSED_FUNCTION = YES;
				GCC_WARN_UNUSED_VARIABLE = YES;
				IPHONEOS_DEPLOYMENT_TARGET = 11.4;
				MTL_ENABLE_DEBUG_INFO = YES;
				ONLY_ACTIVE_ARCH = YES;
				SDKROOT = iphoneos;
				SWIFT_ACTIVE_COMPILATION_CONDITIONS = DEBUG;
				SWIFT_OPTIMIZATION_LEVEL = "-Onone";
			};
			name = Debug;
		};
		6C28744420CA8EF4007F3A1B /* Release */ = {
			isa = XCBuildConfiguration;
			buildSettings = {
				ALWAYS_SEARCH_USER_PATHS = NO;
				CLANG_ANALYZER_NONNULL = YES;
				CLANG_ANALYZER_NUMBER_OBJECT_CONVERSION = YES_AGGRESSIVE;
				CLANG_CXX_LANGUAGE_STANDARD = "gnu++14";
				CLANG_CXX_LIBRARY = "libc++";
				CLANG_ENABLE_MODULES = YES;
				CLANG_ENABLE_OBJC_ARC = YES;
				CLANG_ENABLE_OBJC_WEAK = YES;
				CLANG_WARN_BLOCK_CAPTURE_AUTORELEASING = YES;
				CLANG_WARN_BOOL_CONVERSION = YES;
				CLANG_WARN_COMMA = YES;
				CLANG_WARN_CONSTANT_CONVERSION = YES;
				CLANG_WARN_DEPRECATED_OBJC_IMPLEMENTATIONS = YES;
				CLANG_WARN_DIRECT_OBJC_ISA_USAGE = YES_ERROR;
				CLANG_WARN_DOCUMENTATION_COMMENTS = YES;
				CLANG_WARN_EMPTY_BODY = YES;
				CLANG_WARN_ENUM_CONVERSION = YES;
				CLANG_WARN_INFINITE_RECURSION = YES;
				CLANG_WARN_INT_CONVERSION = YES;
				CLANG_WARN_NON_LITERAL_NULL_CONVERSION = YES;
				CLANG_WARN_OBJC_IMPLICIT_RETAIN_SELF = YES;
				CLANG_WARN_OBJC_LITERAL_CONVERSION = YES;
				CLANG_WARN_OBJC_ROOT_CLASS = YES_ERROR;
				CLANG_WARN_RANGE_LOOP_ANALYSIS = YES;
				CLANG_WARN_STRICT_PROTOTYPES = YES;
				CLANG_WARN_SUSPICIOUS_MOVE = YES;
				CLANG_WARN_UNGUARDED_AVAILABILITY = YES_AGGRESSIVE;
				CLANG_WARN_UNREACHABLE_CODE = YES;
				CLANG_WARN__DUPLICATE_METHOD_MATCH = YES;
				CODE_SIGN_IDENTITY = "iPhone Developer";
				COPY_PHASE_STRIP = NO;
				DEBUG_INFORMATION_FORMAT = "dwarf-with-dsym";
				ENABLE_NS_ASSERTIONS = NO;
				ENABLE_STRICT_OBJC_MSGSEND = YES;
				GCC_C_LANGUAGE_STANDARD = gnu11;
				GCC_NO_COMMON_BLOCKS = YES;
				GCC_WARN_64_TO_32_BIT_CONVERSION = YES;
				GCC_WARN_ABOUT_RETURN_TYPE = YES_ERROR;
				GCC_WARN_UNDECLARED_SELECTOR = YES;
				GCC_WARN_UNINITIALIZED_AUTOS = YES_AGGRESSIVE;
				GCC_WARN_UNUSED_FUNCTION = YES;
				GCC_WARN_UNUSED_VARIABLE = YES;
				IPHONEOS_DEPLOYMENT_TARGET = 11.4;
				MTL_ENABLE_DEBUG_INFO = NO;
				SDKROOT = iphoneos;
				SWIFT_COMPILATION_MODE = wholemodule;
				SWIFT_OPTIMIZATION_LEVEL = "-O";
				VALIDATE_PRODUCT = YES;
			};
			name = Release;
		};
		6C28744620CA8EF4007F3A1B /* Debug */ = {
			isa = XCBuildConfiguration;
			buildSettings = {
				ASSETCATALOG_COMPILER_APPICON_NAME = AppIcon;
				CODE_SIGN_STYLE = Automatic;
				DEVELOPMENT_TEAM = 3U2Z4D5J48;
				INFOPLIST_FILE = detroitLabsChallenge/Info.plist;
				LD_RUNPATH_SEARCH_PATHS = (
					"$(inherited)",
					"@executable_path/Frameworks",
				);
				PRODUCT_BUNDLE_IDENTIFIER = com.suhaib.detroitLabsChallenge;
				PRODUCT_NAME = "$(TARGET_NAME)";
				SWIFT_VERSION = 4.0;
				TARGETED_DEVICE_FAMILY = "1,2";
			};
			name = Debug;
		};
		6C28744720CA8EF4007F3A1B /* Release */ = {
			isa = XCBuildConfiguration;
			buildSettings = {
				ASSETCATALOG_COMPILER_APPICON_NAME = AppIcon;
				CODE_SIGN_STYLE = Automatic;
				DEVELOPMENT_TEAM = 3U2Z4D5J48;
				INFOPLIST_FILE = detroitLabsChallenge/Info.plist;
				LD_RUNPATH_SEARCH_PATHS = (
					"$(inherited)",
					"@executable_path/Frameworks",
				);
				PRODUCT_BUNDLE_IDENTIFIER = com.suhaib.detroitLabsChallenge;
				PRODUCT_NAME = "$(TARGET_NAME)";
				SWIFT_VERSION = 4.0;
				TARGETED_DEVICE_FAMILY = "1,2";
			};
			name = Release;
		};
		6C28744920CA8EF4007F3A1B /* Debug */ = {
			isa = XCBuildConfiguration;
			buildSettings = {
				ALWAYS_EMBED_SWIFT_STANDARD_LIBRARIES = YES;
				BUNDLE_LOADER = "$(TEST_HOST)";
				CODE_SIGN_STYLE = Automatic;
				DEVELOPMENT_TEAM = 3U2Z4D5J48;
				INFOPLIST_FILE = detroitLabsChallengeTests/Info.plist;
				LD_RUNPATH_SEARCH_PATHS = (
					"$(inherited)",
					"@executable_path/Frameworks",
					"@loader_path/Frameworks",
				);
				PRODUCT_BUNDLE_IDENTIFIER = com.suhaib.detroitLabsChallengeTests;
				PRODUCT_NAME = "$(TARGET_NAME)";
				SWIFT_VERSION = 4.0;
				TARGETED_DEVICE_FAMILY = "1,2";
				TEST_HOST = "$(BUILT_PRODUCTS_DIR)/detroitLabsChallenge.app/detroitLabsChallenge";
			};
			name = Debug;
		};
		6C28744A20CA8EF4007F3A1B /* Release */ = {
			isa = XCBuildConfiguration;
			buildSettings = {
				ALWAYS_EMBED_SWIFT_STANDARD_LIBRARIES = YES;
				BUNDLE_LOADER = "$(TEST_HOST)";
				CODE_SIGN_STYLE = Automatic;
				DEVELOPMENT_TEAM = 3U2Z4D5J48;
				INFOPLIST_FILE = detroitLabsChallengeTests/Info.plist;
				LD_RUNPATH_SEARCH_PATHS = (
					"$(inherited)",
					"@executable_path/Frameworks",
					"@loader_path/Frameworks",
				);
				PRODUCT_BUNDLE_IDENTIFIER = com.suhaib.detroitLabsChallengeTests;
				PRODUCT_NAME = "$(TARGET_NAME)";
				SWIFT_VERSION = 4.0;
				TARGETED_DEVICE_FAMILY = "1,2";
				TEST_HOST = "$(BUILT_PRODUCTS_DIR)/detroitLabsChallenge.app/detroitLabsChallenge";
			};
			name = Release;
		};
		6C28744C20CA8EF4007F3A1B /* Debug */ = {
			isa = XCBuildConfiguration;
			buildSettings = {
				ALWAYS_EMBED_SWIFT_STANDARD_LIBRARIES = YES;
				CODE_SIGN_STYLE = Automatic;
				DEVELOPMENT_TEAM = 3U2Z4D5J48;
				INFOPLIST_FILE = detroitLabsChallengeUITests/Info.plist;
				LD_RUNPATH_SEARCH_PATHS = (
					"$(inherited)",
					"@executable_path/Frameworks",
					"@loader_path/Frameworks",
				);
				PRODUCT_BUNDLE_IDENTIFIER = com.suhaib.detroitLabsChallengeUITests;
				PRODUCT_NAME = "$(TARGET_NAME)";
				SWIFT_VERSION = 4.0;
				TARGETED_DEVICE_FAMILY = "1,2";
				TEST_TARGET_NAME = detroitLabsChallenge;
			};
			name = Debug;
		};
		6C28744D20CA8EF4007F3A1B /* Release */ = {
			isa = XCBuildConfiguration;
			buildSettings = {
				ALWAYS_EMBED_SWIFT_STANDARD_LIBRARIES = YES;
				CODE_SIGN_STYLE = Automatic;
				DEVELOPMENT_TEAM = 3U2Z4D5J48;
				INFOPLIST_FILE = detroitLabsChallengeUITests/Info.plist;
				LD_RUNPATH_SEARCH_PATHS = (
					"$(inherited)",
					"@executable_path/Frameworks",
					"@loader_path/Frameworks",
				);
				PRODUCT_BUNDLE_IDENTIFIER = com.suhaib.detroitLabsChallengeUITests;
				PRODUCT_NAME = "$(TARGET_NAME)";
				SWIFT_VERSION = 4.0;
				TARGETED_DEVICE_FAMILY = "1,2";
				TEST_TARGET_NAME = detroitLabsChallenge;
			};
			name = Release;
		};
/* End XCBuildConfiguration section */

/* Begin XCConfigurationList section */
		6C28741620CA8EF0007F3A1B /* Build configuration list for PBXProject "detroitLabsChallenge" */ = {
			isa = XCConfigurationList;
			buildConfigurations = (
				6C28744320CA8EF4007F3A1B /* Debug */,
				6C28744420CA8EF4007F3A1B /* Release */,
			);
			defaultConfigurationIsVisible = 0;
			defaultConfigurationName = Release;
		};
		6C28744520CA8EF4007F3A1B /* Build configuration list for PBXNativeTarget "detroitLabsChallenge" */ = {
			isa = XCConfigurationList;
			buildConfigurations = (
				6C28744620CA8EF4007F3A1B /* Debug */,
				6C28744720CA8EF4007F3A1B /* Release */,
			);
			defaultConfigurationIsVisible = 0;
			defaultConfigurationName = Release;
		};
		6C28744820CA8EF4007F3A1B /* Build configuration list for PBXNativeTarget "detroitLabsChallengeTests" */ = {
			isa = XCConfigurationList;
			buildConfigurations = (
				6C28744920CA8EF4007F3A1B /* Debug */,
				6C28744A20CA8EF4007F3A1B /* Release */,
			);
			defaultConfigurationIsVisible = 0;
			defaultConfigurationName = Release;
		};
		6C28744B20CA8EF4007F3A1B /* Build configuration list for PBXNativeTarget "detroitLabsChallengeUITests" */ = {
			isa = XCConfigurationList;
			buildConfigurations = (
				6C28744C20CA8EF4007F3A1B /* Debug */,
				6C28744D20CA8EF4007F3A1B /* Release */,
			);
			defaultConfigurationIsVisible = 0;
			defaultConfigurationName = Release;
		};
/* End XCConfigurationList section */
	};
	rootObject = 6C28741320CA8EF0007F3A1B /* Project object */;
}
